
Microsoft Visual Studio Solution File, Format Version 12.00
# Visual Studio Version 17
VisualStudioVersion = 17.0.31903.59
MinimumVisualStudioVersion = 10.0.40219.1
Project("{FAE04EC0-301F-11D3-BF4B-00C04F79EFBC}") = "LeerUitkomst2.WebApi", "LeerUitkomst2.WebApi\LeerUitkomst2.WebApi.csproj", "{1E2293AE-207A-4BC3-A025-2A6E98829355}"
EndProject
Project("{FAE04EC0-301F-11D3-BF4B-00C04F79EFBC}") = "WebApi.test", "WebApi.test\WebApi.test.csproj", "{FAA47D54-DE4C-466D-8FF3-ED550BB9AE46}"
EndProject
Global
	GlobalSection(SolutionConfigurationPlatforms) = preSolution
		Debug|Any CPU = Debug|Any CPU
		Release|Any CPU = Release|Any CPU
	EndGlobalSection
	GlobalSection(ProjectConfigurationPlatforms) = postSolution
		{1E2293AE-207A-4BC3-A025-2A6E98829355}.Debug|Any CPU.ActiveCfg = Debug|Any CPU
		{1E2293AE-207A-4BC3-A025-2A6E98829355}.Debug|Any CPU.Build.0 = Debug|Any CPU
		{1E2293AE-207A-4BC3-A025-2A6E98829355}.Release|Any CPU.ActiveCfg = Release|Any CPU
		{1E2293AE-207A-4BC3-A025-2A6E98829355}.Release|Any CPU.Build.0 = Release|Any CPU
		{FAA47D54-DE4C-466D-8FF3-ED550BB9AE46}.Debug|Any CPU.ActiveCfg = Debug|Any CPU
		{FAA47D54-DE4C-466D-8FF3-ED550BB9AE46}.Debug|Any CPU.Build.0 = Debug|Any CPU
		{FAA47D54-DE4C-466D-8FF3-ED550BB9AE46}.Release|Any CPU.ActiveCfg = Release|Any CPU
		{FAA47D54-DE4C-466D-8FF3-ED550BB9AE46}.Release|Any CPU.Build.0 = Release|Any CPU
	EndGlobalSection
	GlobalSection(SolutionProperties) = preSolution
		HideSolutionNode = FALSE
	EndGlobalSection
EndGlobal
